
Microsoft Visual Studio Solution File, Format Version 12.00
# Visual Studio 15
VisualStudioVersion = 15.0.27703.2042
MinimumVisualStudioVersion = 10.0.40219.1
Project("{FAE04EC0-301F-11D3-BF4B-00C04F79EFBC}") = "MEF_Console", "MEF_Console\MEF_Console.csproj", "{D31CC2F2-2A7D-4619-9B09-F36D98CA1018}"
EndProject
Global
	GlobalSection(SolutionConfigurationPlatforms) = preSolution
		Debug|Any CPU = Debug|Any CPU
		Release|Any CPU = Release|Any CPU
	EndGlobalSection
	GlobalSection(ProjectConfigurationPlatforms) = postSolution
		{D31CC2F2-2A7D-4619-9B09-F36D98CA1018}.Debug|Any CPU.ActiveCfg = Debug|Any CPU
		{D31CC2F2-2A7D-4619-9B09-F36D98CA1018}.Debug|Any CPU.Build.0 = Debug|Any CPU
		{D31CC2F2-2A7D-4619-9B09-F36D98CA1018}.Release|Any CPU.ActiveCfg = Release|Any CPU
		{D31CC2F2-2A7D-4619-9B09-F36D98CA1018}.Release|Any CPU.Build.0 = Release|Any CPU
	EndGlobalSection
	GlobalSection(SolutionProperties) = preSolution
		HideSolutionNode = FALSE
	EndGlobalSection
	GlobalSection(ExtensibilityGlobals) = postSolution
		SolutionGuid = {9F2B3DCE-79F4-4766-A61B-33187005DE3B}
	EndGlobalSection
EndGlobal
